// !$*UTF8*$!
{
	archiveVersion = 1;
	classes = {
	};
	objectVersion = 56;
	objects = {

/* Begin PBXBuildFile section */
		98C1F73C29AB205400A7E9C8 /* Recursion.c in Sources */ = {isa = PBXBuildFile; fileRef = 98C1F73B29AB205400A7E9C8 /* Recursion.c */; };
		98C1F73E29AB211F00A7E9C8 /* main.c in Sources */ = {isa = PBXBuildFile; fileRef = 98C1F73D29AB211F00A7E9C8 /* main.c */; };
		98C1F74029AB26CF00A7E9C8 /* SingleContainer.c in Sources */ = {isa = PBXBuildFile; fileRef = 98C1F73F29AB26CF00A7E9C8 /* SingleContainer.c */; };
		98F8188B299E8AD600C3663B /* main_lib.c in Sources */ = {isa = PBXBuildFile; fileRef = 98F8188A299E8AD600C3663B /* main_lib.c */; };
		98F8189529A7B40300C3663B /* structddanzi04.c in Sources */ = {isa = PBXBuildFile; fileRef = 98F8189429A7B40300C3663B /* structddanzi04.c */; };
		98F8189729A7C62B00C3663B /* union01.c in Sources */ = {isa = PBXBuildFile; fileRef = 98F8189629A7C62B00C3663B /* union01.c */; };
		98F8189929A7D94C00C3663B /* fileIO.c in Sources */ = {isa = PBXBuildFile; fileRef = 98F8189829A7D94C00C3663B /* fileIO.c */; };
		98F8189C29A8B07E00C3663B /* constptr.c in Sources */ = {isa = PBXBuildFile; fileRef = 98F8189B29A8B07E00C3663B /* constptr.c */; };
/* End PBXBuildFile section */

/* Begin PBXCopyFilesBuildPhase section */
		98F81885299E8AD600C3663B /* CopyFiles */ = {
			isa = PBXCopyFilesBuildPhase;
			buildActionMask = 2147483647;
			dstPath = /usr/share/man/man1/;
			dstSubfolderSpec = 0;
			files = (
			);
			runOnlyForDeploymentPostprocessing = 1;
		};
/* End PBXCopyFilesBuildPhase section */

/* Begin PBXFileReference section */
		98C1F73A29AB205400A7E9C8 /* Recursion.h */ = {isa = PBXFileReference; lastKnownFileType = sourcecode.c.h; path = Recursion.h; sourceTree = "<group>"; };
		98C1F73B29AB205400A7E9C8 /* Recursion.c */ = {isa = PBXFileReference; lastKnownFileType = sourcecode.c.c; path = Recursion.c; sourceTree = "<group>"; };
		98C1F73D29AB211F00A7E9C8 /* main.c */ = {isa = PBXFileReference; lastKnownFileType = sourcecode.c.c; path = main.c; sourceTree = "<group>"; };
		98C1F73F29AB26CF00A7E9C8 /* SingleContainer.c */ = {isa = PBXFileReference; lastKnownFileType = sourcecode.c.c; path = SingleContainer.c; sourceTree = "<group>"; };
		98F81887299E8AD600C3663B /* LearnC */ = {isa = PBXFileReference; explicitFileType = "compiled.mach-o.executable"; includeInIndex = 0; path = LearnC; sourceTree = BUILT_PRODUCTS_DIR; };
		98F8188A299E8AD600C3663B /* main_lib.c */ = {isa = PBXFileReference; lastKnownFileType = sourcecode.c.c; path = main_lib.c; sourceTree = "<group>"; };
		98F8189429A7B40300C3663B /* structddanzi04.c */ = {isa = PBXFileReference; lastKnownFileType = sourcecode.c.c; path = structddanzi04.c; sourceTree = "<group>"; };
		98F8189629A7C62B00C3663B /* union01.c */ = {isa = PBXFileReference; lastKnownFileType = sourcecode.c.c; path = union01.c; sourceTree = "<group>"; };
		98F8189829A7D94C00C3663B /* fileIO.c */ = {isa = PBXFileReference; lastKnownFileType = sourcecode.c.c; path = fileIO.c; sourceTree = "<group>"; };
		98F8189A29A8B07E00C3663B /* constptr.h */ = {isa = PBXFileReference; lastKnownFileType = sourcecode.c.h; path = constptr.h; sourceTree = "<group>"; };
		98F8189B29A8B07E00C3663B /* constptr.c */ = {isa = PBXFileReference; lastKnownFileType = sourcecode.c.c; path = constptr.c; sourceTree = "<group>"; };
/* End PBXFileReference section */

/* Begin PBXFrameworksBuildPhase section */
		98F81884299E8AD600C3663B /* Frameworks */ = {
			isa = PBXFrameworksBuildPhase;
			buildActionMask = 2147483647;
			files = (
			);
			runOnlyForDeploymentPostprocessing = 0;
		};
/* End PBXFrameworksBuildPhase section */

/* Begin PBXGroup section */
		98F8187E299E8AD600C3663B = {
			isa = PBXGroup;
			children = (
				98F81889299E8AD600C3663B /* LearnC */,
				98F81888299E8AD600C3663B /* Products */,
			);
			sourceTree = "<group>";
		};
		98F81888299E8AD600C3663B /* Products */ = {
			isa = PBXGroup;
			children = (
				98F81887299E8AD600C3663B /* LearnC */,
			);
			name = Products;
			sourceTree = "<group>";
		};
		98F81889299E8AD600C3663B /* LearnC */ = {
			isa = PBXGroup;
			children = (
				98F8188A299E8AD600C3663B /* main_lib.c */,
				98F8189429A7B40300C3663B /* structddanzi04.c */,
				98F8189629A7C62B00C3663B /* union01.c */,
				98F8189829A7D94C00C3663B /* fileIO.c */,
				98F8189A29A8B07E00C3663B /* constptr.h */,
				98F8189B29A8B07E00C3663B /* constptr.c */,
				98C1F73A29AB205400A7E9C8 /* Recursion.h */,
				98C1F73B29AB205400A7E9C8 /* Recursion.c */,
				98C1F73D29AB211F00A7E9C8 /* main.c */,
				98C1F73F29AB26CF00A7E9C8 /* SingleContainer.c */,
			);
			path = LearnC;
			sourceTree = "<group>";
		};
/* End PBXGroup section */

/* Begin PBXNativeTarget section */
		98F81886299E8AD600C3663B /* LearnC */ = {
			isa = PBXNativeTarget;
			buildConfigurationList = 98F8188E299E8AD600C3663B /* Build configuration list for PBXNativeTarget "LearnC" */;
			buildPhases = (
				98F81883299E8AD600C3663B /* Sources */,
				98F81884299E8AD600C3663B /* Frameworks */,
				98F81885299E8AD600C3663B /* CopyFiles */,
			);
			buildRules = (
			);
			dependencies = (
			);
			name = LearnC;
			productName = LearnC;
			productReference = 98F81887299E8AD600C3663B /* LearnC */;
			productType = "com.apple.product-type.tool";
		};
/* End PBXNativeTarget section */

/* Begin PBXProject section */
		98F8187F299E8AD600C3663B /* Project object */ = {
			isa = PBXProject;
			attributes = {
				BuildIndependentTargetsInParallel = 1;
				LastUpgradeCheck = 1420;
				TargetAttributes = {
					98F81886299E8AD600C3663B = {
						CreatedOnToolsVersion = 14.2;
					};
				};
			};
			buildConfigurationList = 98F81882299E8AD600C3663B /* Build configuration list for PBXProject "LearnC" */;
			compatibilityVersion = "Xcode 14.0";
			developmentRegion = en;
			hasScannedForEncodings = 0;
			knownRegions = (
				en,
				Base,
			);
			mainGroup = 98F8187E299E8AD600C3663B;
			productRefGroup = 98F81888299E8AD600C3663B /* Products */;
			projectDirPath = "";
			projectRoot = "";
			targets = (
				98F81886299E8AD600C3663B /* LearnC */,
			);
		};
/* End PBXProject section */

/* Begin PBXSourcesBuildPhase section */
		98F81883299E8AD600C3663B /* Sources */ = {
			isa = PBXSourcesBuildPhase;
			buildActionMask = 2147483647;
			files = (
				98F8189729A7C62B00C3663B /* union01.c in Sources */,
				98F8189929A7D94C00C3663B /* fileIO.c in Sources */,
				98C1F73C29AB205400A7E9C8 /* Recursion.c in Sources */,
				98F8189529A7B40300C3663B /* structddanzi04.c in Sources */,
				98F8188B299E8AD600C3663B /* main_lib.c in Sources */,
				98F8189C29A8B07E00C3663B /* constptr.c in Sources */,
				98C1F73E29AB211F00A7E9C8 /* main.c in Sources */,
				98C1F74029AB26CF00A7E9C8 /* SingleContainer.c in Sources */,
			);
			runOnlyForDeploymentPostprocessing = 0;
		};
/* End PBXSourcesBuildPhase section */

/* Begin XCBuildConfiguration section */
		98F8188C299E8AD600C3663B /* Debug */ = {
			isa = XCBuildConfiguration;
			buildSettings = {
				ALWAYS_SEARCH_USER_PATHS = NO;
				CLANG_ANALYZER_NONNULL = YES;
				CLANG_ANALYZER_NUMBER_OBJECT_CONVERSION = YES_AGGRESSIVE;
				CLANG_CXX_LANGUAGE_STANDARD = "gnu++20";
				CLANG_ENABLE_MODULES = YES;
				CLANG_ENABLE_OBJC_ARC = YES;
				CLANG_ENABLE_OBJC_WEAK = YES;
				CLANG_WARN_BLOCK_CAPTURE_AUTORELEASING = YES;
				CLANG_WARN_BOOL_CONVERSION = YES;
				CLANG_WARN_COMMA = YES;
				CLANG_WARN_CONSTANT_CONVERSION = YES;
				CLANG_WARN_DEPRECATED_OBJC_IMPLEMENTATIONS = YES;
				CLANG_WARN_DIRECT_OBJC_ISA_USAGE = YES_ERROR;
				CLANG_WARN_DOCUMENTATION_COMMENTS = YES;
				CLANG_WARN_EMPTY_BODY = YES;
				CLANG_WARN_ENUM_CONVERSION = YES;
				CLANG_WARN_INFINITE_RECURSION = YES;
				CLANG_WARN_INT_CONVERSION = YES;
				CLANG_WARN_NON_LITERAL_NULL_CONVERSION = YES;
				CLANG_WARN_OBJC_IMPLICIT_RETAIN_SELF = YES;
				CLANG_WARN_OBJC_LITERAL_CONVERSION = YES;
				CLANG_WARN_OBJC_ROOT_CLASS = YES_ERROR;
				CLANG_WARN_QUOTED_INCLUDE_IN_FRAMEWORK_HEADER = YES;
				CLANG_WARN_RANGE_LOOP_ANALYSIS = YES;
				CLANG_WARN_STRICT_PROTOTYPES = YES;
				CLANG_WARN_SUSPICIOUS_MOVE = YES;
				CLANG_WARN_UNGUARDED_AVAILABILITY = YES_AGGRESSIVE;
				CLANG_WARN_UNREACHABLE_CODE = YES;
				CLANG_WARN__DUPLICATE_METHOD_MATCH = YES;
				COPY_PHASE_STRIP = NO;
				DEBUG_INFORMATION_FORMAT = dwarf;
				ENABLE_STRICT_OBJC_MSGSEND = YES;
				ENABLE_TESTABILITY = YES;
				GCC_C_LANGUAGE_STANDARD = gnu11;
				GCC_DYNAMIC_NO_PIC = NO;
				GCC_NO_COMMON_BLOCKS = YES;
				GCC_OPTIMIZATION_LEVEL = 0;
				GCC_PREPROCESSOR_DEFINITIONS = (
					"DEBUG=1",
					"$(inherited)",
				);
				GCC_WARN_64_TO_32_BIT_CONVERSION = YES;
				GCC_WARN_ABOUT_RETURN_TYPE = YES_ERROR;
				GCC_WARN_UNDECLARED_SELECTOR = YES;
				GCC_WARN_UNINITIALIZED_AUTOS = YES_AGGRESSIVE;
				GCC_WARN_UNUSED_FUNCTION = YES;
				GCC_WARN_UNUSED_VARIABLE = YES;
				MACOSX_DEPLOYMENT_TARGET = 13.1;
				MTL_ENABLE_DEBUG_INFO = INCLUDE_SOURCE;
				MTL_FAST_MATH = YES;
				ONLY_ACTIVE_ARCH = YES;
				SDKROOT = macosx;
			};
			name = Debug;
		};
		98F8188D299E8AD600C3663B /* Release */ = {
			isa = XCBuildConfiguration;
			buildSettings = {
				ALWAYS_SEARCH_USER_PATHS = NO;
				CLANG_ANALYZER_NONNULL = YES;
				CLANG_ANALYZER_NUMBER_OBJECT_CONVERSION = YES_AGGRESSIVE;
				CLANG_CXX_LANGUAGE_STANDARD = "gnu++20";
				CLANG_ENABLE_MODULES = YES;
				CLANG_ENABLE_OBJC_ARC = YES;
				CLANG_ENABLE_OBJC_WEAK = YES;
				CLANG_WARN_BLOCK_CAPTURE_AUTORELEASING = YES;
				CLANG_WARN_BOOL_CONVERSION = YES;
				CLANG_WARN_COMMA = YES;
				CLANG_WARN_CONSTANT_CONVERSION = YES;
				CLANG_WARN_DEPRECATED_OBJC_IMPLEMENTATIONS = YES;
				CLANG_WARN_DIRECT_OBJC_ISA_USAGE = YES_ERROR;
				CLANG_WARN_DOCUMENTATION_COMMENTS = YES;
				CLANG_WARN_EMPTY_BODY = YES;
				CLANG_WARN_ENUM_CONVERSION = YES;
				CLANG_WARN_INFINITE_RECURSION = YES;
				CLANG_WARN_INT_CONVERSION = YES;
				CLANG_WARN_NON_LITERAL_NULL_CONVERSION = YES;
				CLANG_WARN_OBJC_IMPLICIT_RETAIN_SELF = YES;
				CLANG_WARN_OBJC_LITERAL_CONVERSION = YES;
				CLANG_WARN_OBJC_ROOT_CLASS = YES_ERROR;
				CLANG_WARN_QUOTED_INCLUDE_IN_FRAMEWORK_HEADER = YES;
				CLANG_WARN_RANGE_LOOP_ANALYSIS = YES;
				CLANG_WARN_STRICT_PROTOTYPES = YES;
				CLANG_WARN_SUSPICIOUS_MOVE = YES;
				CLANG_WARN_UNGUARDED_AVAILABILITY = YES_AGGRESSIVE;
				CLANG_WARN_UNREACHABLE_CODE = YES;
				CLANG_WARN__DUPLICATE_METHOD_MATCH = YES;
				COPY_PHASE_STRIP = NO;
				DEBUG_INFORMATION_FORMAT = "dwarf-with-dsym";
				ENABLE_NS_ASSERTIONS = NO;
				ENABLE_STRICT_OBJC_MSGSEND = YES;
				GCC_C_LANGUAGE_STANDARD = gnu11;
				GCC_NO_COMMON_BLOCKS = YES;
				GCC_WARN_64_TO_32_BIT_CONVERSION = YES;
				GCC_WARN_ABOUT_RETURN_TYPE = YES_ERROR;
				GCC_WARN_UNDECLARED_SELECTOR = YES;
				GCC_WARN_UNINITIALIZED_AUTOS = YES_AGGRESSIVE;
				GCC_WARN_UNUSED_FUNCTION = YES;
				GCC_WARN_UNUSED_VARIABLE = YES;
				MACOSX_DEPLOYMENT_TARGET = 13.1;
				MTL_ENABLE_DEBUG_INFO = NO;
				MTL_FAST_MATH = YES;
				SDKROOT = macosx;
			};
			name = Release;
		};
		98F8188F299E8AD600C3663B /* Debug */ = {
			isa = XCBuildConfiguration;
			buildSettings = {
				CODE_SIGN_STYLE = Automatic;
				PRODUCT_NAME = "$(TARGET_NAME)";
			};
			name = Debug;
		};
		98F81890299E8AD600C3663B /* Release */ = {
			isa = XCBuildConfiguration;
			buildSettings = {
				CODE_SIGN_STYLE = Automatic;
				PRODUCT_NAME = "$(TARGET_NAME)";
			};
			name = Release;
		};
/* End XCBuildConfiguration section */

/* Begin XCConfigurationList section */
		98F81882299E8AD600C3663B /* Build configuration list for PBXProject "LearnC" */ = {
			isa = XCConfigurationList;
			buildConfigurations = (
				98F8188C299E8AD600C3663B /* Debug */,
				98F8188D299E8AD600C3663B /* Release */,
			);
			defaultConfigurationIsVisible = 0;
			defaultConfigurationName = Release;
		};
		98F8188E299E8AD600C3663B /* Build configuration list for PBXNativeTarget "LearnC" */ = {
			isa = XCConfigurationList;
			buildConfigurations = (
				98F8188F299E8AD600C3663B /* Debug */,
				98F81890299E8AD600C3663B /* Release */,
			);
			defaultConfigurationIsVisible = 0;
			defaultConfigurationName = Release;
		};
/* End XCConfigurationList section */
	};
	rootObject = 98F8187F299E8AD600C3663B /* Project object */;
}
